
Microsoft Visual Studio Solution File, Format Version 12.00
# Visual Studio Version 17
VisualStudioVersion = 17.13.35825.156 d17.13
MinimumVisualStudioVersion = 10.0.40219.1
Project("{FAE04EC0-301F-11D3-BF4B-00C04F79EFBC}") = "CarManagerApp", "CarManagerApp.csproj", "{4AE6BB3B-9C52-4F2D-B0FF-AFA231827267}"
EndProject
Global
	GlobalSection(SolutionConfigurationPlatforms) = preSolution
		Debug|Any CPU = Debug|Any CPU
		Release|Any CPU = Release|Any CPU
	EndGlobalSection
	GlobalSection(ProjectConfigurationPlatforms) = postSolution
		{4AE6BB3B-9C52-4F2D-B0FF-AFA231827267}.Debug|Any CPU.ActiveCfg = Debug|Any CPU
		{4AE6BB3B-9C52-4F2D-B0FF-AFA231827267}.Debug|Any CPU.Build.0 = Debug|Any CPU
		{4AE6BB3B-9C52-4F2D-B0FF-AFA231827267}.Release|Any CPU.ActiveCfg = Release|Any CPU
		{4AE6BB3B-9C52-4F2D-B0FF-AFA231827267}.Release|Any CPU.Build.0 = Release|Any CPU
	EndGlobalSection
	GlobalSection(SolutionProperties) = preSolution
		HideSolutionNode = FALSE
	EndGlobalSection
	GlobalSection(ExtensibilityGlobals) = postSolution
		SolutionGuid = {B1C61F30-63E2-4433-B330-7CF3E661F269}
	EndGlobalSection
EndGlobal
